# THIS IS AN AUTOGENERATED FILE. DO NOT EDIT THIS FILE DIRECTLY.
# yarn lockfile v1


bs-platform@^5.1.0:
  version "5.1.0"
  resolved "https://registry.yarnpkg.com/bs-platform/-/bs-platform-5.1.0.tgz#500192d81c099c3868de002b3129307b4b519e75"
  integrity sha512-M+1srPZQDAVvWoVf2ZtztlmGyjcv0RHtIv5tRcSmmrdpRf4g15rVvbf8iGz/Rk6jLFPMKZh5damo1P2EiDjKSg==
